
Microsoft Visual Studio Solution File, Format Version 12.00
# Visual Studio Version 17
VisualStudioVersion = 17.4.33103.184
MinimumVisualStudioVersion = 10.0.40219.1
Project("{FAE04EC0-301F-11D3-BF4B-00C04F79EFBC}") = "Hackaton_Hack-The-Future-A-1", "Hack-The-Future-A-1\Hackaton_Hack-The-Future-A-1.csproj", "{D1CE8480-C309-4DF7-BDF1-ACB9B69E1506}"
EndProject
Project("{9A19103F-16F7-4668-BE54-9A1E7A4F7556}") = "Hack-The-Future-A-2", "Hack-The-Future-A-2\Hack-The-Future-A-2.csproj", "{2BCAA305-6575-48BB-81D1-E1F6291A829F}"
EndProject
Project("{FAE04EC0-301F-11D3-BF4B-00C04F79EFBC}") = "Hack-The-Future-A-3", "Hack-The-Future-A-3\Hack-The-Future-A-3.csproj", "{0D4B29A9-02B4-49D1-86F4-080E50DE7062}"
EndProject
Project("{FAE04EC0-301F-11D3-BF4B-00C04F79EFBC}") = "Hack-The-Future-B-1", "Hack-The-Future-B-1\Hack-The-Future-B-1.csproj", "{E6A06CD4-3332-4447-9937-073F67C0AD45}"
EndProject
Project("{FAE04EC0-301F-11D3-BF4B-00C04F79EFBC}") = "Hack-The-Future-B-2", "Hack-The-Future-B-2\Hack-The-Future-B-2.csproj", "{0B60EA1A-0AEB-43AE-90AE-63C5B9F310BB}"
EndProject
Project("{FAE04EC0-301F-11D3-BF4B-00C04F79EFBC}") = "Hack-The-Future-B-3", "Hack-The-Future-B-3\Hack-The-Future-B-3.csproj", "{231B01CE-6F3A-4C24-9FCF-9BE03AC562A2}"
EndProject
Global
	GlobalSection(SolutionConfigurationPlatforms) = preSolution
		Debug|Any CPU = Debug|Any CPU
		Release|Any CPU = Release|Any CPU
	EndGlobalSection
	GlobalSection(ProjectConfigurationPlatforms) = postSolution
		{D1CE8480-C309-4DF7-BDF1-ACB9B69E1506}.Debug|Any CPU.ActiveCfg = Debug|Any CPU
		{D1CE8480-C309-4DF7-BDF1-ACB9B69E1506}.Debug|Any CPU.Build.0 = Debug|Any CPU
		{D1CE8480-C309-4DF7-BDF1-ACB9B69E1506}.Release|Any CPU.ActiveCfg = Release|Any CPU
		{D1CE8480-C309-4DF7-BDF1-ACB9B69E1506}.Release|Any CPU.Build.0 = Release|Any CPU
		{2BCAA305-6575-48BB-81D1-E1F6291A829F}.Debug|Any CPU.ActiveCfg = Debug|Any CPU
		{2BCAA305-6575-48BB-81D1-E1F6291A829F}.Debug|Any CPU.Build.0 = Debug|Any CPU
		{2BCAA305-6575-48BB-81D1-E1F6291A829F}.Release|Any CPU.ActiveCfg = Release|Any CPU
		{2BCAA305-6575-48BB-81D1-E1F6291A829F}.Release|Any CPU.Build.0 = Release|Any CPU
		{0D4B29A9-02B4-49D1-86F4-080E50DE7062}.Debug|Any CPU.ActiveCfg = Debug|Any CPU
		{0D4B29A9-02B4-49D1-86F4-080E50DE7062}.Debug|Any CPU.Build.0 = Debug|Any CPU
		{0D4B29A9-02B4-49D1-86F4-080E50DE7062}.Release|Any CPU.ActiveCfg = Release|Any CPU
		{0D4B29A9-02B4-49D1-86F4-080E50DE7062}.Release|Any CPU.Build.0 = Release|Any CPU
		{E6A06CD4-3332-4447-9937-073F67C0AD45}.Debug|Any CPU.ActiveCfg = Debug|Any CPU
		{E6A06CD4-3332-4447-9937-073F67C0AD45}.Debug|Any CPU.Build.0 = Debug|Any CPU
		{E6A06CD4-3332-4447-9937-073F67C0AD45}.Release|Any CPU.ActiveCfg = Release|Any CPU
		{E6A06CD4-3332-4447-9937-073F67C0AD45}.Release|Any CPU.Build.0 = Release|Any CPU
		{0B60EA1A-0AEB-43AE-90AE-63C5B9F310BB}.Debug|Any CPU.ActiveCfg = Debug|Any CPU
		{0B60EA1A-0AEB-43AE-90AE-63C5B9F310BB}.Debug|Any CPU.Build.0 = Debug|Any CPU
		{0B60EA1A-0AEB-43AE-90AE-63C5B9F310BB}.Release|Any CPU.ActiveCfg = Release|Any CPU
		{0B60EA1A-0AEB-43AE-90AE-63C5B9F310BB}.Release|Any CPU.Build.0 = Release|Any CPU
		{231B01CE-6F3A-4C24-9FCF-9BE03AC562A2}.Debug|Any CPU.ActiveCfg = Debug|Any CPU
		{231B01CE-6F3A-4C24-9FCF-9BE03AC562A2}.Debug|Any CPU.Build.0 = Debug|Any CPU
		{231B01CE-6F3A-4C24-9FCF-9BE03AC562A2}.Release|Any CPU.ActiveCfg = Release|Any CPU
		{231B01CE-6F3A-4C24-9FCF-9BE03AC562A2}.Release|Any CPU.Build.0 = Release|Any CPU
	EndGlobalSection
	GlobalSection(SolutionProperties) = preSolution
		HideSolutionNode = FALSE
	EndGlobalSection
	GlobalSection(ExtensibilityGlobals) = postSolution
		SolutionGuid = {5B853489-0AF2-421F-BEA0-5F246AECB576}
	EndGlobalSection
EndGlobal
